
Microsoft Visual Studio Solution File, Format Version 12.00
# Visual Studio Version 17
VisualStudioVersion = 17.5.002.0
MinimumVisualStudioVersion = 10.0.40219.1
Project("{2150E333-8FDC-42A3-9474-1A3956D46DE8}") = "csharp-prep", "csharp-prep", "{710CAAFB-77F6-4C4E-B65E-17496C37CD41}"
EndProject
Project("{9A19103F-16F7-4668-BE54-9A1E7A4F7556}") = "Prep1", "csharp-prep\Prep1\Prep1.csproj", "{1CCFFB2D-2F5E-4A74-8FBD-56AE50E6158E}"
EndProject
Project("{9A19103F-16F7-4668-BE54-9A1E7A4F7556}") = "Prep2", "csharp-prep\Prep2\Prep2.csproj", "{34AF09F9-2986-45D2-AB46-79D44BCAD965}"
EndProject
Project("{9A19103F-16F7-4668-BE54-9A1E7A4F7556}") = "Prep3", "csharp-prep\Prep3\Prep3.csproj", "{AC2B78C3-E0F7-443F-A711-74B41DD0D4DA}"
EndProject
Project("{9A19103F-16F7-4668-BE54-9A1E7A4F7556}") = "Prep4", "csharp-prep\Prep4\Prep4.csproj", "{7A9CB375-50AE-46F4-8FED-199D78D57680}"
EndProject
Project("{9A19103F-16F7-4668-BE54-9A1E7A4F7556}") = "Prep5", "csharp-prep\Prep5\Prep5.csproj", "{4F9D64EC-381A-4858-8B3A-AB9ADFA8032F}"
EndProject
Project("{2150E333-8FDC-42A3-9474-1A3956D46DE8}") = "final", "final", "{0B22AEE2-AFA8-4616-BBB5-74955E01FAE6}"
EndProject
Project("{9A19103F-16F7-4668-BE54-9A1E7A4F7556}") = "FinalProject", "final\FinalProject\FinalProject.csproj", "{564B6C24-2416-4A23-9378-F017944EBD3D}"
EndProject
Project("{9A19103F-16F7-4668-BE54-9A1E7A4F7556}") = "Foundation1", "final\Foundation1\Foundation1.csproj", "{3FC54720-91CF-4B0D-B75B-69761DC9C1E4}"
EndProject
Project("{9A19103F-16F7-4668-BE54-9A1E7A4F7556}") = "Foundation2", "final\Foundation2\Foundation2.csproj", "{536028D7-CCF0-4874-AE6A-C3888898E2F2}"
EndProject
Project("{9A19103F-16F7-4668-BE54-9A1E7A4F7556}") = "Foundation3", "final\Foundation3\Foundation3.csproj", "{631BBA47-F990-42D0-AC01-ED79E83834EF}"
EndProject
Project("{9A19103F-16F7-4668-BE54-9A1E7A4F7556}") = "Foundation4", "final\Foundation4\Foundation4.csproj", "{FD9E71E3-ECD8-4D91-A38D-C0E20BCD6C0C}"
EndProject
Project("{2150E333-8FDC-42A3-9474-1A3956D46DE8}") = "prepare", "prepare", "{8B7DA161-219C-4C5F-B154-BE21F3977D5F}"
EndProject
Project("{9A19103F-16F7-4668-BE54-9A1E7A4F7556}") = "Learning02", "prepare\Learning02\Learning02.csproj", "{118347AF-B0C0-4513-9458-5B06C8CC9FCE}"
EndProject
Project("{9A19103F-16F7-4668-BE54-9A1E7A4F7556}") = "Learning03", "prepare\Learning03\Learning03.csproj", "{224EE9BD-1157-4204-B938-1D7400C5E130}"
EndProject
Project("{9A19103F-16F7-4668-BE54-9A1E7A4F7556}") = "Learning04", "prepare\Learning04\Learning04.csproj", "{3071B683-67CE-435E-B1A2-67D822CC8860}"
EndProject
Project("{9A19103F-16F7-4668-BE54-9A1E7A4F7556}") = "Learning05", "prepare\Learning05\Learning05.csproj", "{C2090A10-8DE0-4754-A9FB-A083AE3180BA}"
EndProject
Project("{2150E333-8FDC-42A3-9474-1A3956D46DE8}") = "prove", "prove", "{B1A83356-FE2E-4C90-B21C-E01ECF99A0D5}"
EndProject
Project("{9A19103F-16F7-4668-BE54-9A1E7A4F7556}") = "Develop02", "prove\Develop02\Develop02.csproj", "{98D2BF0A-C34B-4E12-B46A-0B2974C1F0BE}"
EndProject
Project("{9A19103F-16F7-4668-BE54-9A1E7A4F7556}") = "Develop03", "prove\Develop03\Develop03.csproj", "{F8505AF2-D486-4FE3-A733-ED2D3EF88DCD}"
EndProject
Project("{9A19103F-16F7-4668-BE54-9A1E7A4F7556}") = "Develop04", "prove\Develop04\Develop04.csproj", "{3CCA613D-2AF8-40AB-9E1B-DD82BB5E8187}"
EndProject
Project("{9A19103F-16F7-4668-BE54-9A1E7A4F7556}") = "Develop05", "prove\Develop05\Develop05.csproj", "{8295EB57-E2CE-4C64-ABCD-902230407EEF}"
EndProject
Project("{2150E333-8FDC-42A3-9474-1A3956D46DE8}") = "sandbox", "sandbox", "{0D9D5E16-B6D0-4DC8-AF50-9BC80C1BD7CA}"
EndProject
Project("{9A19103F-16F7-4668-BE54-9A1E7A4F7556}") = "Sandbox", "sandbox\Sandbox\Sandbox.csproj", "{78469BC8-A567-4129-A2C7-560A9BC9E93A}"
EndProject
Global
	GlobalSection(SolutionConfigurationPlatforms) = preSolution
		Debug|Any CPU = Debug|Any CPU
		Release|Any CPU = Release|Any CPU
	EndGlobalSection
	GlobalSection(ProjectConfigurationPlatforms) = postSolution
		{1CCFFB2D-2F5E-4A74-8FBD-56AE50E6158E}.Debug|Any CPU.ActiveCfg = Debug|Any CPU
		{1CCFFB2D-2F5E-4A74-8FBD-56AE50E6158E}.Debug|Any CPU.Build.0 = Debug|Any CPU
		{1CCFFB2D-2F5E-4A74-8FBD-56AE50E6158E}.Release|Any CPU.ActiveCfg = Release|Any CPU
		{1CCFFB2D-2F5E-4A74-8FBD-56AE50E6158E}.Release|Any CPU.Build.0 = Release|Any CPU
		{34AF09F9-2986-45D2-AB46-79D44BCAD965}.Debug|Any CPU.ActiveCfg = Debug|Any CPU
		{34AF09F9-2986-45D2-AB46-79D44BCAD965}.Debug|Any CPU.Build.0 = Debug|Any CPU
		{34AF09F9-2986-45D2-AB46-79D44BCAD965}.Release|Any CPU.ActiveCfg = Release|Any CPU
		{34AF09F9-2986-45D2-AB46-79D44BCAD965}.Release|Any CPU.Build.0 = Release|Any CPU
		{AC2B78C3-E0F7-443F-A711-74B41DD0D4DA}.Debug|Any CPU.ActiveCfg = Debug|Any CPU
		{AC2B78C3-E0F7-443F-A711-74B41DD0D4DA}.Debug|Any CPU.Build.0 = Debug|Any CPU
		{AC2B78C3-E0F7-443F-A711-74B41DD0D4DA}.Release|Any CPU.ActiveCfg = Release|Any CPU
		{AC2B78C3-E0F7-443F-A711-74B41DD0D4DA}.Release|Any CPU.Build.0 = Release|Any CPU
		{7A9CB375-50AE-46F4-8FED-199D78D57680}.Debug|Any CPU.ActiveCfg = Debug|Any CPU
		{7A9CB375-50AE-46F4-8FED-199D78D57680}.Debug|Any CPU.Build.0 = Debug|Any CPU
		{7A9CB375-50AE-46F4-8FED-199D78D57680}.Release|Any CPU.ActiveCfg = Release|Any CPU
		{7A9CB375-50AE-46F4-8FED-199D78D57680}.Release|Any CPU.Build.0 = Release|Any CPU
		{4F9D64EC-381A-4858-8B3A-AB9ADFA8032F}.Debug|Any CPU.ActiveCfg = Debug|Any CPU
		{4F9D64EC-381A-4858-8B3A-AB9ADFA8032F}.Debug|Any CPU.Build.0 = Debug|Any CPU
		{4F9D64EC-381A-4858-8B3A-AB9ADFA8032F}.Release|Any CPU.ActiveCfg = Release|Any CPU
		{4F9D64EC-381A-4858-8B3A-AB9ADFA8032F}.Release|Any CPU.Build.0 = Release|Any CPU
		{564B6C24-2416-4A23-9378-F017944EBD3D}.Debug|Any CPU.ActiveCfg = Debug|Any CPU
		{564B6C24-2416-4A23-9378-F017944EBD3D}.Debug|Any CPU.Build.0 = Debug|Any CPU
		{564B6C24-2416-4A23-9378-F017944EBD3D}.Release|Any CPU.ActiveCfg = Release|Any CPU
		{564B6C24-2416-4A23-9378-F017944EBD3D}.Release|Any CPU.Build.0 = Release|Any CPU
		{3FC54720-91CF-4B0D-B75B-69761DC9C1E4}.Debug|Any CPU.ActiveCfg = Debug|Any CPU
		{3FC54720-91CF-4B0D-B75B-69761DC9C1E4}.Debug|Any CPU.Build.0 = Debug|Any CPU
		{3FC54720-91CF-4B0D-B75B-69761DC9C1E4}.Release|Any CPU.ActiveCfg = Release|Any CPU
		{3FC54720-91CF-4B0D-B75B-69761DC9C1E4}.Release|Any CPU.Build.0 = Release|Any CPU
		{536028D7-CCF0-4874-AE6A-C3888898E2F2}.Debug|Any CPU.ActiveCfg = Debug|Any CPU
		{536028D7-CCF0-4874-AE6A-C3888898E2F2}.Debug|Any CPU.Build.0 = Debug|Any CPU
		{536028D7-CCF0-4874-AE6A-C3888898E2F2}.Release|Any CPU.ActiveCfg = Release|Any CPU
		{536028D7-CCF0-4874-AE6A-C3888898E2F2}.Release|Any CPU.Build.0 = Release|Any CPU
		{631BBA47-F990-42D0-AC01-ED79E83834EF}.Debug|Any CPU.ActiveCfg = Debug|Any CPU
		{631BBA47-F990-42D0-AC01-ED79E83834EF}.Debug|Any CPU.Build.0 = Debug|Any CPU
		{631BBA47-F990-42D0-AC01-ED79E83834EF}.Release|Any CPU.ActiveCfg = Release|Any CPU
		{631BBA47-F990-42D0-AC01-ED79E83834EF}.Release|Any CPU.Build.0 = Release|Any CPU
		{FD9E71E3-ECD8-4D91-A38D-C0E20BCD6C0C}.Debug|Any CPU.ActiveCfg = Debug|Any CPU
		{FD9E71E3-ECD8-4D91-A38D-C0E20BCD6C0C}.Debug|Any CPU.Build.0 = Debug|Any CPU
		{FD9E71E3-ECD8-4D91-A38D-C0E20BCD6C0C}.Release|Any CPU.ActiveCfg = Release|Any CPU
		{FD9E71E3-ECD8-4D91-A38D-C0E20BCD6C0C}.Release|Any CPU.Build.0 = Release|Any CPU
		{118347AF-B0C0-4513-9458-5B06C8CC9FCE}.Debug|Any CPU.ActiveCfg = Debug|Any CPU
		{118347AF-B0C0-4513-9458-5B06C8CC9FCE}.Debug|Any CPU.Build.0 = Debug|Any CPU
		{118347AF-B0C0-4513-9458-5B06C8CC9FCE}.Release|Any CPU.ActiveCfg = Release|Any CPU
		{118347AF-B0C0-4513-9458-5B06C8CC9FCE}.Release|Any CPU.Build.0 = Release|Any CPU
		{224EE9BD-1157-4204-B938-1D7400C5E130}.Debug|Any CPU.ActiveCfg = Debug|Any CPU
		{224EE9BD-1157-4204-B938-1D7400C5E130}.Debug|Any CPU.Build.0 = Debug|Any CPU
		{224EE9BD-1157-4204-B938-1D7400C5E130}.Release|Any CPU.ActiveCfg = Release|Any CPU
		{224EE9BD-1157-4204-B938-1D7400C5E130}.Release|Any CPU.Build.0 = Release|Any CPU
		{3071B683-67CE-435E-B1A2-67D822CC8860}.Debug|Any CPU.ActiveCfg = Debug|Any CPU
		{3071B683-67CE-435E-B1A2-67D822CC8860}.Debug|Any CPU.Build.0 = Debug|Any CPU
		{3071B683-67CE-435E-B1A2-67D822CC8860}.Release|Any CPU.ActiveCfg = Release|Any CPU
		{3071B683-67CE-435E-B1A2-67D822CC8860}.Release|Any CPU.Build.0 = Release|Any CPU
		{C2090A10-8DE0-4754-A9FB-A083AE3180BA}.Debug|Any CPU.ActiveCfg = Debug|Any CPU
		{C2090A10-8DE0-4754-A9FB-A083AE3180BA}.Debug|Any CPU.Build.0 = Debug|Any CPU
		{C2090A10-8DE0-4754-A9FB-A083AE3180BA}.Release|Any CPU.ActiveCfg = Release|Any CPU
		{C2090A10-8DE0-4754-A9FB-A083AE3180BA}.Release|Any CPU.Build.0 = Release|Any CPU
		{98D2BF0A-C34B-4E12-B46A-0B2974C1F0BE}.Debug|Any CPU.ActiveCfg = Debug|Any CPU
		{98D2BF0A-C34B-4E12-B46A-0B2974C1F0BE}.Debug|Any CPU.Build.0 = Debug|Any CPU
		{98D2BF0A-C34B-4E12-B46A-0B2974C1F0BE}.Release|Any CPU.ActiveCfg = Release|Any CPU
		{98D2BF0A-C34B-4E12-B46A-0B2974C1F0BE}.Release|Any CPU.Build.0 = Release|Any CPU
		{F8505AF2-D486-4FE3-A733-ED2D3EF88DCD}.Debug|Any CPU.ActiveCfg = Debug|Any CPU
		{F8505AF2-D486-4FE3-A733-ED2D3EF88DCD}.Debug|Any CPU.Build.0 = Debug|Any CPU
		{F8505AF2-D486-4FE3-A733-ED2D3EF88DCD}.Release|Any CPU.ActiveCfg = Release|Any CPU
		{F8505AF2-D486-4FE3-A733-ED2D3EF88DCD}.Release|Any CPU.Build.0 = Release|Any CPU
		{3CCA613D-2AF8-40AB-9E1B-DD82BB5E8187}.Debug|Any CPU.ActiveCfg = Debug|Any CPU
		{3CCA613D-2AF8-40AB-9E1B-DD82BB5E8187}.Debug|Any CPU.Build.0 = Debug|Any CPU
		{3CCA613D-2AF8-40AB-9E1B-DD82BB5E8187}.Release|Any CPU.ActiveCfg = Release|Any CPU
		{3CCA613D-2AF8-40AB-9E1B-DD82BB5E8187}.Release|Any CPU.Build.0 = Release|Any CPU
		{8295EB57-E2CE-4C64-ABCD-902230407EEF}.Debug|Any CPU.ActiveCfg = Debug|Any CPU
		{8295EB57-E2CE-4C64-ABCD-902230407EEF}.Debug|Any CPU.Build.0 = Debug|Any CPU
		{8295EB57-E2CE-4C64-ABCD-902230407EEF}.Release|Any CPU.ActiveCfg = Release|Any CPU
		{8295EB57-E2CE-4C64-ABCD-902230407EEF}.Release|Any CPU.Build.0 = Release|Any CPU
		{78469BC8-A567-4129-A2C7-560A9BC9E93A}.Debug|Any CPU.ActiveCfg = Debug|Any CPU
		{78469BC8-A567-4129-A2C7-560A9BC9E93A}.Debug|Any CPU.Build.0 = Debug|Any CPU
		{78469BC8-A567-4129-A2C7-560A9BC9E93A}.Release|Any CPU.ActiveCfg = Release|Any CPU
		{78469BC8-A567-4129-A2C7-560A9BC9E93A}.Release|Any CPU.Build.0 = Release|Any CPU
	EndGlobalSection
	GlobalSection(SolutionProperties) = preSolution
		HideSolutionNode = FALSE
	EndGlobalSection
	GlobalSection(NestedProjects) = preSolution
		{1CCFFB2D-2F5E-4A74-8FBD-56AE50E6158E} = {710CAAFB-77F6-4C4E-B65E-17496C37CD41}
		{34AF09F9-2986-45D2-AB46-79D44BCAD965} = {710CAAFB-77F6-4C4E-B65E-17496C37CD41}
		{AC2B78C3-E0F7-443F-A711-74B41DD0D4DA} = {710CAAFB-77F6-4C4E-B65E-17496C37CD41}
		{7A9CB375-50AE-46F4-8FED-199D78D57680} = {710CAAFB-77F6-4C4E-B65E-17496C37CD41}
		{4F9D64EC-381A-4858-8B3A-AB9ADFA8032F} = {710CAAFB-77F6-4C4E-B65E-17496C37CD41}
		{564B6C24-2416-4A23-9378-F017944EBD3D} = {0B22AEE2-AFA8-4616-BBB5-74955E01FAE6}
		{3FC54720-91CF-4B0D-B75B-69761DC9C1E4} = {0B22AEE2-AFA8-4616-BBB5-74955E01FAE6}
		{536028D7-CCF0-4874-AE6A-C3888898E2F2} = {0B22AEE2-AFA8-4616-BBB5-74955E01FAE6}
		{631BBA47-F990-42D0-AC01-ED79E83834EF} = {0B22AEE2-AFA8-4616-BBB5-74955E01FAE6}
		{FD9E71E3-ECD8-4D91-A38D-C0E20BCD6C0C} = {0B22AEE2-AFA8-4616-BBB5-74955E01FAE6}
		{118347AF-B0C0-4513-9458-5B06C8CC9FCE} = {8B7DA161-219C-4C5F-B154-BE21F3977D5F}
		{224EE9BD-1157-4204-B938-1D7400C5E130} = {8B7DA161-219C-4C5F-B154-BE21F3977D5F}
		{3071B683-67CE-435E-B1A2-67D822CC8860} = {8B7DA161-219C-4C5F-B154-BE21F3977D5F}
		{C2090A10-8DE0-4754-A9FB-A083AE3180BA} = {8B7DA161-219C-4C5F-B154-BE21F3977D5F}
		{98D2BF0A-C34B-4E12-B46A-0B2974C1F0BE} = {B1A83356-FE2E-4C90-B21C-E01ECF99A0D5}
		{F8505AF2-D486-4FE3-A733-ED2D3EF88DCD} = {B1A83356-FE2E-4C90-B21C-E01ECF99A0D5}
		{3CCA613D-2AF8-40AB-9E1B-DD82BB5E8187} = {B1A83356-FE2E-4C90-B21C-E01ECF99A0D5}
		{8295EB57-E2CE-4C64-ABCD-902230407EEF} = {B1A83356-FE2E-4C90-B21C-E01ECF99A0D5}
		{78469BC8-A567-4129-A2C7-560A9BC9E93A} = {0D9D5E16-B6D0-4DC8-AF50-9BC80C1BD7CA}
	EndGlobalSection
	GlobalSection(ExtensibilityGlobals) = postSolution
		SolutionGuid = {91A3D884-C954-4131-BBA4-00B6BB00EF06}
	EndGlobalSection
EndGlobal
